{
  "name": "es-logical-not-operator",
  "version": "1.0.0",
  "lockfileVersion": 3,
  "requires": true,
  "packages": {
    "": {
      "name": "es-logical-not-operator",
      "version": "1.0.0",
      "license": "EGPSL10X-1.0",
      "dependencies": {
        "@not-js/not": "^1.1.0",
        "literally": "^1.0.0",
        "yanoop": "^1.0.0"
      }
    },
    "node_modules/@not-js/not": {
      "version": "1.1.0",
      "resolved": "https://registry.npmjs.org/@not-js/not/-/not-1.1.0.tgz",
      "integrity": "sha512-jtU8ntqM93oCXW2T1R/bxkCxgGK904KtIIfceI2IGAXHPFef/MoAKFl8BsgXuc34kHvCKV0Va0azX54ryIpASw==",
      "license": "ISC",
      "dependencies": {
        "not": "^0.1.0"
      }
    },
    "node_modules/desync": {
      "version": "1.1.2",
      "resolved": "https://registry.npmjs.org/desync/-/desync-1.1.2.tgz",
      "integrity": "sha512-kCUPqjrzIa83kAK+r0DO/S+hwYW6g+8ti7VDcON2c/u6PAB7VdEnkeLdOmtDtXOLdEcegAiP08/uKPlnFFGkYA==",
      "license": "MIT"
    },
    "node_modules/literally": {
      "version": "1.0.0",
      "resolved": "https://registry.npmjs.org/literally/-/literally-1.0.0.tgz",
      "integrity": "sha512-TEvA9VwUvk46y4M5quP8MxB0wCbB4vE2l5olRYI0+MTfYB9r0lzvKhnIMuBTf8V25pS/7SsGPpLDPk6v2bjgxA==",
      "license": "MIT",
      "dependencies": {
        "desync": "~1.1.1"
      }
    },
    "node_modules/not": {
      "version": "0.1.0",
      "resolved": "https://registry.npmjs.org/not/-/not-0.1.0.tgz",
      "integrity": "sha512-5PDmaAsVfnWUgTUbJ3ERwn7u79Z0dYxN9ErxCpVJJqe2RK0PJ3z+iFUxuqjwtlDDegXvtWoxD/3Fzxox7tFGWA=="
    },
    "node_modules/yanoop": {
      "version": "1.0.0",
      "resolved": "https://registry.npmjs.org/yanoop/-/yanoop-1.0.0.tgz",
      "integrity": "sha512-P/Zkeo4BUlzLSMUO1P7yls8Bca/w6wlty/CUX5jplTW8Gc0MteQ6cu9fiI/jhxJ6FyPs1gi0dWTWwX5MeEM8IA==",
      "license": "MIT"
    }
  }
}
